
Microsoft Visual Studio Solution File, Format Version 12.00
# Visual Studio Version 16
VisualStudioVersion = 16.0.31112.23
MinimumVisualStudioVersion = 10.0.40219.1
Project("{FAE04EC0-301F-11D3-BF4B-00C04F79EFBC}") = "Balea.Demo.Api", "Balea.Demo.Api\Balea.Demo.Api.csproj", "{F6F09C45-7DD0-4E26-8F94-BEF77C4F7D86}"
EndProject
Global
	GlobalSection(SolutionConfigurationPlatforms) = preSolution
		Debug|Any CPU = Debug|Any CPU
		Release|Any CPU = Release|Any CPU
	EndGlobalSection
	GlobalSection(ProjectConfigurationPlatforms) = postSolution
		{F6F09C45-7DD0-4E26-8F94-BEF77C4F7D86}.Debug|Any CPU.ActiveCfg = Debug|Any CPU
		{F6F09C45-7DD0-4E26-8F94-BEF77C4F7D86}.Debug|Any CPU.Build.0 = Debug|Any CPU
		{F6F09C45-7DD0-4E26-8F94-BEF77C4F7D86}.Release|Any CPU.ActiveCfg = Release|Any CPU
		{F6F09C45-7DD0-4E26-8F94-BEF77C4F7D86}.Release|Any CPU.Build.0 = Release|Any CPU
	EndGlobalSection
	GlobalSection(SolutionProperties) = preSolution
		HideSolutionNode = FALSE
	EndGlobalSection
	GlobalSection(ExtensibilityGlobals) = postSolution
		SolutionGuid = {10CA3CE7-37BF-46F9-8F9B-C9AF0AE6B63B}
	EndGlobalSection
EndGlobal
